
Microsoft Visual Studio Solution File, Format Version 12.00
# Visual Studio Version 17
VisualStudioVersion = 17.13.35825.156
MinimumVisualStudioVersion = 10.0.40219.1
Project("{FAE04EC0-301F-11D3-BF4B-00C04F79EFBC}") = "Policlinica", "Policlinica\Policlinica.csproj", "{567B106C-9DA8-453B-9317-89C74C203A3B}"
EndProject
Project("{FAE04EC0-301F-11D3-BF4B-00C04F79EFBC}") = "Profil", "Profil\Profil.csproj", "{4B8637D0-317B-4780-97C0-2E1E19397316}"
EndProject
Global
	GlobalSection(SolutionConfigurationPlatforms) = preSolution
		Debug|Any CPU = Debug|Any CPU
		Release|Any CPU = Release|Any CPU
	EndGlobalSection
	GlobalSection(ProjectConfigurationPlatforms) = postSolution
		{567B106C-9DA8-453B-9317-89C74C203A3B}.Debug|Any CPU.ActiveCfg = Debug|Any CPU
		{567B106C-9DA8-453B-9317-89C74C203A3B}.Debug|Any CPU.Build.0 = Debug|Any CPU
		{567B106C-9DA8-453B-9317-89C74C203A3B}.Release|Any CPU.ActiveCfg = Release|Any CPU
		{567B106C-9DA8-453B-9317-89C74C203A3B}.Release|Any CPU.Build.0 = Release|Any CPU
		{4B8637D0-317B-4780-97C0-2E1E19397316}.Debug|Any CPU.ActiveCfg = Debug|Any CPU
		{4B8637D0-317B-4780-97C0-2E1E19397316}.Debug|Any CPU.Build.0 = Debug|Any CPU
		{4B8637D0-317B-4780-97C0-2E1E19397316}.Release|Any CPU.ActiveCfg = Release|Any CPU
		{4B8637D0-317B-4780-97C0-2E1E19397316}.Release|Any CPU.Build.0 = Release|Any CPU
	EndGlobalSection
	GlobalSection(SolutionProperties) = preSolution
		HideSolutionNode = FALSE
	EndGlobalSection
	GlobalSection(ExtensibilityGlobals) = postSolution
		SolutionGuid = {81E715CE-9A45-41C6-A6EC-89DB10BDC1B4}
	EndGlobalSection
EndGlobal
